
Microsoft Visual Studio Solution File, Format Version 12.00
# Visual Studio Version 16
VisualStudioVersion = 16.0.30621.155
MinimumVisualStudioVersion = 10.0.40219.1
Project("{8BC9CEB8-8B4A-11D0-8D11-00A0C91BC942}") = "GameOver", "GameOver\GameOver.vcxproj", "{D92F50C5-ED39-4656-9866-9AFE5A8A8779}"
EndProject
Global
	GlobalSection(SolutionConfigurationPlatforms) = preSolution
		Debug|x64 = Debug|x64
		Debug|x86 = Debug|x86
		Release|x64 = Release|x64
		Release|x86 = Release|x86
	EndGlobalSection
	GlobalSection(ProjectConfigurationPlatforms) = postSolution
		{D92F50C5-ED39-4656-9866-9AFE5A8A8779}.Debug|x64.ActiveCfg = Debug|x64
		{D92F50C5-ED39-4656-9866-9AFE5A8A8779}.Debug|x64.Build.0 = Debug|x64
		{D92F50C5-ED39-4656-9866-9AFE5A8A8779}.Debug|x86.ActiveCfg = Debug|Win32
		{D92F50C5-ED39-4656-9866-9AFE5A8A8779}.Debug|x86.Build.0 = Debug|Win32
		{D92F50C5-ED39-4656-9866-9AFE5A8A8779}.Release|x64.ActiveCfg = Release|x64
		{D92F50C5-ED39-4656-9866-9AFE5A8A8779}.Release|x64.Build.0 = Release|x64
		{D92F50C5-ED39-4656-9866-9AFE5A8A8779}.Release|x86.ActiveCfg = Release|Win32
		{D92F50C5-ED39-4656-9866-9AFE5A8A8779}.Release|x86.Build.0 = Release|Win32
	EndGlobalSection
	GlobalSection(SolutionProperties) = preSolution
		HideSolutionNode = FALSE
	EndGlobalSection
	GlobalSection(ExtensibilityGlobals) = postSolution
		SolutionGuid = {C502E3F7-C696-4ED2-8CD6-589C96C0DAB4}
	EndGlobalSection
EndGlobal
